// !$*UTF8*$!
{
	archiveVersion = 1;
	classes = {
	};
	objectVersion = 77;
	objects = {

/* Begin PBXBuildFile section */
		9DB57EDA2E2BE22200E96097 /* LaunchScreen.storyboard in Resources */ = {isa = PBXBuildFile; fileRef = 9DB57ED62E2BE22200E96097 /* LaunchScreen.storyboard */; };
		9DB57EDB2E2BE22200E96097 /* Assets.xcassets in Resources */ = {isa = PBXBuildFile; fileRef = 9DB57ED42E2BE22200E96097 /* Assets.xcassets */; };
		9DB57EDD2E2BE22200E96097 /* ViewController.swift in Sources */ = {isa = PBXBuildFile; fileRef = 9DB57ED82E2BE22200E96097 /* ViewController.swift */; };
		9DB57EDE2E2BE22200E96097 /* AppDelegate.swift in Sources */ = {isa = PBXBuildFile; fileRef = 9DB57ED32E2BE22200E96097 /* AppDelegate.swift */; };
		9DB57EDF2E2BE22200E96097 /* SceneDelegate.swift in Sources */ = {isa = PBXBuildFile; fileRef = 9DB57ED72E2BE22200E96097 /* SceneDelegate.swift */; };
		9DB57EF02E2BE6B200E96097 /* Country.swift in Sources */ = {isa = PBXBuildFile; fileRef = 9DB57EEF2E2BE6B200E96097 /* Country.swift */; };
		9DB57EF22E2BE6B500E96097 /* Language.swift in Sources */ = {isa = PBXBuildFile; fileRef = 9DB57EF12E2BE6B500E96097 /* Language.swift */; };
		9DB57EF42E2BE6B600E96097 /* Currency.swift in Sources */ = {isa = PBXBuildFile; fileRef = 9DB57EF32E2BE6B600E96097 /* Currency.swift */; };
/* End PBXBuildFile section */

/* Begin PBXContainerItemProxy section */
		9DB57EB62E2B1CC000E96097 /* PBXContainerItemProxy */ = {
			isa = PBXContainerItemProxy;
			containerPortal = 9DB57E972E2B1CBE00E96097 /* Project object */;
			proxyType = 1;
			remoteGlobalIDString = 9DB57E9E2E2B1CBE00E96097;
			remoteInfo = Countries;
		};
		9DB57EC02E2B1CC000E96097 /* PBXContainerItemProxy */ = {
			isa = PBXContainerItemProxy;
			containerPortal = 9DB57E972E2B1CBE00E96097 /* Project object */;
			proxyType = 1;
			remoteGlobalIDString = 9DB57E9E2E2B1CBE00E96097;
			remoteInfo = Countries;
		};
/* End PBXContainerItemProxy section */

/* Begin PBXFileReference section */
		9DB57E9F2E2B1CBE00E96097 /* Countries.app */ = {isa = PBXFileReference; explicitFileType = wrapper.application; includeInIndex = 0; path = Countries.app; sourceTree = BUILT_PRODUCTS_DIR; };
		9DB57EB52E2B1CC000E96097 /* CountriesTests.xctest */ = {isa = PBXFileReference; explicitFileType = wrapper.cfbundle; includeInIndex = 0; path = CountriesTests.xctest; sourceTree = BUILT_PRODUCTS_DIR; };
		9DB57EBF2E2B1CC000E96097 /* CountriesUITests.xctest */ = {isa = PBXFileReference; explicitFileType = wrapper.cfbundle; includeInIndex = 0; path = CountriesUITests.xctest; sourceTree = BUILT_PRODUCTS_DIR; };
		9DB57ED32E2BE22200E96097 /* AppDelegate.swift */ = {isa = PBXFileReference; lastKnownFileType = sourcecode.swift; path = AppDelegate.swift; sourceTree = "<group>"; };
		9DB57ED42E2BE22200E96097 /* Assets.xcassets */ = {isa = PBXFileReference; lastKnownFileType = folder.assetcatalog; path = Assets.xcassets; sourceTree = "<group>"; };
		9DB57ED52E2BE22200E96097 /* Info.plist */ = {isa = PBXFileReference; lastKnownFileType = text.plist.xml; path = Info.plist; sourceTree = "<group>"; };
		9DB57ED72E2BE22200E96097 /* SceneDelegate.swift */ = {isa = PBXFileReference; lastKnownFileType = sourcecode.swift; path = SceneDelegate.swift; sourceTree = "<group>"; };
		9DB57ED82E2BE22200E96097 /* ViewController.swift */ = {isa = PBXFileReference; lastKnownFileType = sourcecode.swift; path = ViewController.swift; sourceTree = "<group>"; };
		9DB57ED92E2BE22200E96097 /* Base */ = {isa = PBXFileReference; lastKnownFileType = file.storyboard; name = Base; path = Base.lproj/LaunchScreen.storyboard; sourceTree = "<group>"; };
		9DB57EEF2E2BE6B200E96097 /* Country.swift */ = {isa = PBXFileReference; lastKnownFileType = sourcecode.swift; path = Country.swift; sourceTree = "<group>"; };
		9DB57EF12E2BE6B500E96097 /* Language.swift */ = {isa = PBXFileReference; lastKnownFileType = sourcecode.swift; path = Language.swift; sourceTree = "<group>"; };
		9DB57EF32E2BE6B600E96097 /* Currency.swift */ = {isa = PBXFileReference; lastKnownFileType = sourcecode.swift; path = Currency.swift; sourceTree = "<group>"; };
/* End PBXFileReference section */

/* Begin PBXFileSystemSynchronizedRootGroup section */
		9DB57EB82E2B1CC000E96097 /* CountriesTests */ = {
			isa = PBXFileSystemSynchronizedRootGroup;
			path = CountriesTests;
			sourceTree = "<group>";
		};
		9DB57EC22E2B1CC000E96097 /* CountriesUITests */ = {
			isa = PBXFileSystemSynchronizedRootGroup;
			path = CountriesUITests;
			sourceTree = "<group>";
		};
/* End PBXFileSystemSynchronizedRootGroup section */

/* Begin PBXFrameworksBuildPhase section */
		9DB57E9C2E2B1CBE00E96097 /* Frameworks */ = {
			isa = PBXFrameworksBuildPhase;
			buildActionMask = 2147483647;
			files = (
			);
			runOnlyForDeploymentPostprocessing = 0;
		};
		9DB57EB22E2B1CC000E96097 /* Frameworks */ = {
			isa = PBXFrameworksBuildPhase;
			buildActionMask = 2147483647;
			files = (
			);
			runOnlyForDeploymentPostprocessing = 0;
		};
		9DB57EBC2E2B1CC000E96097 /* Frameworks */ = {
			isa = PBXFrameworksBuildPhase;
			buildActionMask = 2147483647;
			files = (
			);
			runOnlyForDeploymentPostprocessing = 0;
		};
/* End PBXFrameworksBuildPhase section */

/* Begin PBXGroup section */
		9DB57E962E2B1CBE00E96097 = {
			isa = PBXGroup;
			children = (
				9DB57EFB2E2BEB0600E96097 /* Countries */,
				9DB57EB82E2B1CC000E96097 /* CountriesTests */,
				9DB57EC22E2B1CC000E96097 /* CountriesUITests */,
				9DB57EA02E2B1CBE00E96097 /* Products */,
			);
			sourceTree = "<group>";
		};
		9DB57EA02E2B1CBE00E96097 /* Products */ = {
			isa = PBXGroup;
			children = (
				9DB57E9F2E2B1CBE00E96097 /* Countries.app */,
				9DB57EB52E2B1CC000E96097 /* CountriesTests.xctest */,
				9DB57EBF2E2B1CC000E96097 /* CountriesUITests.xctest */,
			);
			name = Products;
			sourceTree = "<group>";
		};
		9DB57EFA2E2BEA1F00E96097 /* Models */ = {
			isa = PBXGroup;
			children = (
				9DB57EEF2E2BE6B200E96097 /* Country.swift */,
				9DB57EF32E2BE6B600E96097 /* Currency.swift */,
				9DB57EF12E2BE6B500E96097 /* Language.swift */,
			);
			path = Models;
			sourceTree = "<group>";
		};
		9DB57EFB2E2BEB0600E96097 /* Countries */ = {
			isa = PBXGroup;
			children = (
				9DB57ED32E2BE22200E96097 /* AppDelegate.swift */,
				9DB57ED72E2BE22200E96097 /* SceneDelegate.swift */,
				9DB57ED52E2BE22200E96097 /* Info.plist */,
				9DB57EFA2E2BEA1F00E96097 /* Models */,
				9DB57EFE2E2BEBE800E96097 /* Views */,
				9DB57ED82E2BE22200E96097 /* ViewController.swift */,
				9DB57EFD2E2BEBC300E96097 /* Resources */,
			);
			path = Countries;
			sourceTree = "<group>";
		};
		9DB57EFD2E2BEBC300E96097 /* Resources */ = {
			isa = PBXGroup;
			children = (
				9DB57ED42E2BE22200E96097 /* Assets.xcassets */,
			);
			path = Resources;
			sourceTree = "<group>";
		};
		9DB57EFE2E2BEBE800E96097 /* Views */ = {
			isa = PBXGroup;
			children = (
				9DB57ED62E2BE22200E96097 /* LaunchScreen.storyboard */,
			);
			path = Views;
			sourceTree = "<group>";
		};
/* End PBXGroup section */

/* Begin PBXNativeTarget section */
		9DB57E9E2E2B1CBE00E96097 /* Countries */ = {
			isa = PBXNativeTarget;
			buildConfigurationList = 9DB57EC82E2B1CC000E96097 /* Build configuration list for PBXNativeTarget "Countries" */;
			buildPhases = (
				9DB57E9B2E2B1CBE00E96097 /* Sources */,
				9DB57E9C2E2B1CBE00E96097 /* Frameworks */,
				9DB57E9D2E2B1CBE00E96097 /* Resources */,
			);
			buildRules = (
			);
			dependencies = (
			);
			name = Countries;
			packageProductDependencies = (
			);
			productName = Countries;
			productReference = 9DB57E9F2E2B1CBE00E96097 /* Countries.app */;
			productType = "com.apple.product-type.application";
		};
		9DB57EB42E2B1CC000E96097 /* CountriesTests */ = {
			isa = PBXNativeTarget;
			buildConfigurationList = 9DB57ECD2E2B1CC000E96097 /* Build configuration list for PBXNativeTarget "CountriesTests" */;
			buildPhases = (
				9DB57EB12E2B1CC000E96097 /* Sources */,
				9DB57EB22E2B1CC000E96097 /* Frameworks */,
				9DB57EB32E2B1CC000E96097 /* Resources */,
			);
			buildRules = (
			);
			dependencies = (
				9DB57EB72E2B1CC000E96097 /* PBXTargetDependency */,
			);
			fileSystemSynchronizedGroups = (
				9DB57EB82E2B1CC000E96097 /* CountriesTests */,
			);
			name = CountriesTests;
			packageProductDependencies = (
			);
			productName = CountriesTests;
			productReference = 9DB57EB52E2B1CC000E96097 /* CountriesTests.xctest */;
			productType = "com.apple.product-type.bundle.unit-test";
		};
		9DB57EBE2E2B1CC000E96097 /* CountriesUITests */ = {
			isa = PBXNativeTarget;
			buildConfigurationList = 9DB57ED02E2B1CC000E96097 /* Build configuration list for PBXNativeTarget "CountriesUITests" */;
			buildPhases = (
				9DB57EBB2E2B1CC000E96097 /* Sources */,
				9DB57EBC2E2B1CC000E96097 /* Frameworks */,
				9DB57EBD2E2B1CC000E96097 /* Resources */,
			);
			buildRules = (
			);
			dependencies = (
				9DB57EC12E2B1CC000E96097 /* PBXTargetDependency */,
			);
			fileSystemSynchronizedGroups = (
				9DB57EC22E2B1CC000E96097 /* CountriesUITests */,
			);
			name = CountriesUITests;
			packageProductDependencies = (
			);
			productName = CountriesUITests;
			productReference = 9DB57EBF2E2B1CC000E96097 /* CountriesUITests.xctest */;
			productType = "com.apple.product-type.bundle.ui-testing";
		};
/* End PBXNativeTarget section */

/* Begin PBXProject section */
		9DB57E972E2B1CBE00E96097 /* Project object */ = {
			isa = PBXProject;
			attributes = {
				BuildIndependentTargetsInParallel = 1;
				LastSwiftUpdateCheck = 1640;
				LastUpgradeCheck = 1640;
				TargetAttributes = {
					9DB57E9E2E2B1CBE00E96097 = {
						CreatedOnToolsVersion = 16.4;
					};
					9DB57EB42E2B1CC000E96097 = {
						CreatedOnToolsVersion = 16.4;
						TestTargetID = 9DB57E9E2E2B1CBE00E96097;
					};
					9DB57EBE2E2B1CC000E96097 = {
						CreatedOnToolsVersion = 16.4;
						TestTargetID = 9DB57E9E2E2B1CBE00E96097;
					};
				};
			};
			buildConfigurationList = 9DB57E9A2E2B1CBE00E96097 /* Build configuration list for PBXProject "Countries" */;
			developmentRegion = en;
			hasScannedForEncodings = 0;
			knownRegions = (
				en,
				Base,
			);
			mainGroup = 9DB57E962E2B1CBE00E96097;
			minimizedProjectReferenceProxies = 1;
			preferredProjectObjectVersion = 77;
			productRefGroup = 9DB57EA02E2B1CBE00E96097 /* Products */;
			projectDirPath = "";
			projectRoot = "";
			targets = (
				9DB57E9E2E2B1CBE00E96097 /* Countries */,
				9DB57EB42E2B1CC000E96097 /* CountriesTests */,
				9DB57EBE2E2B1CC000E96097 /* CountriesUITests */,
			);
		};
/* End PBXProject section */

/* Begin PBXResourcesBuildPhase section */
		9DB57E9D2E2B1CBE00E96097 /* Resources */ = {
			isa = PBXResourcesBuildPhase;
			buildActionMask = 2147483647;
			files = (
				9DB57EDA2E2BE22200E96097 /* LaunchScreen.storyboard in Resources */,
				9DB57EDB2E2BE22200E96097 /* Assets.xcassets in Resources */,
			);
			runOnlyForDeploymentPostprocessing = 0;
		};
		9DB57EB32E2B1CC000E96097 /* Resources */ = {
			isa = PBXResourcesBuildPhase;
			buildActionMask = 2147483647;
			files = (
			);
			runOnlyForDeploymentPostprocessing = 0;
		};
		9DB57EBD2E2B1CC000E96097 /* Resources */ = {
			isa = PBXResourcesBuildPhase;
			buildActionMask = 2147483647;
			files = (
			);
			runOnlyForDeploymentPostprocessing = 0;
		};
/* End PBXResourcesBuildPhase section */

/* Begin PBXSourcesBuildPhase section */
		9DB57E9B2E2B1CBE00E96097 /* Sources */ = {
			isa = PBXSourcesBuildPhase;
			buildActionMask = 2147483647;
			files = (
				9DB57EF42E2BE6B600E96097 /* Currency.swift in Sources */,
				9DB57EF02E2BE6B200E96097 /* Country.swift in Sources */,
				9DB57EDD2E2BE22200E96097 /* ViewController.swift in Sources */,
				9DB57EDE2E2BE22200E96097 /* AppDelegate.swift in Sources */,
				9DB57EF22E2BE6B500E96097 /* Language.swift in Sources */,
				9DB57EDF2E2BE22200E96097 /* SceneDelegate.swift in Sources */,
			);
			runOnlyForDeploymentPostprocessing = 0;
		};
		9DB57EB12E2B1CC000E96097 /* Sources */ = {
			isa = PBXSourcesBuildPhase;
			buildActionMask = 2147483647;
			files = (
			);
			runOnlyForDeploymentPostprocessing = 0;
		};
		9DB57EBB2E2B1CC000E96097 /* Sources */ = {
			isa = PBXSourcesBuildPhase;
			buildActionMask = 2147483647;
			files = (
			);
			runOnlyForDeploymentPostprocessing = 0;
		};
/* End PBXSourcesBuildPhase section */

/* Begin PBXTargetDependency section */
		9DB57EB72E2B1CC000E96097 /* PBXTargetDependency */ = {
			isa = PBXTargetDependency;
			target = 9DB57E9E2E2B1CBE00E96097 /* Countries */;
			targetProxy = 9DB57EB62E2B1CC000E96097 /* PBXContainerItemProxy */;
		};
		9DB57EC12E2B1CC000E96097 /* PBXTargetDependency */ = {
			isa = PBXTargetDependency;
			target = 9DB57E9E2E2B1CBE00E96097 /* Countries */;
			targetProxy = 9DB57EC02E2B1CC000E96097 /* PBXContainerItemProxy */;
		};
/* End PBXTargetDependency section */

/* Begin PBXVariantGroup section */
		9DB57ED62E2BE22200E96097 /* LaunchScreen.storyboard */ = {
			isa = PBXVariantGroup;
			children = (
				9DB57ED92E2BE22200E96097 /* Base */,
			);
			name = LaunchScreen.storyboard;
			sourceTree = "<group>";
		};
/* End PBXVariantGroup section */

/* Begin XCBuildConfiguration section */
		9DB57EC92E2B1CC000E96097 /* Debug */ = {
			isa = XCBuildConfiguration;
			buildSettings = {
				ASSETCATALOG_COMPILER_APPICON_NAME = AppIcon;
				ASSETCATALOG_COMPILER_GLOBAL_ACCENT_COLOR_NAME = AccentColor;
				CODE_SIGN_STYLE = Automatic;
				CURRENT_PROJECT_VERSION = 1;
				DEVELOPMENT_TEAM = 42VHV36Q58;
				GENERATE_INFOPLIST_FILE = YES;
				INFOPLIST_FILE = Countries/Info.plist;
				INFOPLIST_KEY_UIApplicationSupportsIndirectInputEvents = YES;
				INFOPLIST_KEY_UILaunchStoryboardName = LaunchScreen;
				INFOPLIST_KEY_UISupportedInterfaceOrientations_iPad = "UIInterfaceOrientationPortrait UIInterfaceOrientationPortraitUpsideDown UIInterfaceOrientationLandscapeLeft UIInterfaceOrientationLandscapeRight";
				INFOPLIST_KEY_UISupportedInterfaceOrientations_iPhone = "UIInterfaceOrientationPortrait UIInterfaceOrientationLandscapeLeft UIInterfaceOrientationLandscapeRight";
				LD_RUNPATH_SEARCH_PATHS = (
					"$(inherited)",
					"@executable_path/Frameworks",
				);
				MARKETING_VERSION = 1.0;
				PRODUCT_BUNDLE_IDENTIFIER = com.christopherendress.Countries;
				PRODUCT_NAME = "$(TARGET_NAME)";
				SWIFT_EMIT_LOC_STRINGS = YES;
				SWIFT_VERSION = 5.0;
				TARGETED_DEVICE_FAMILY = "1,2";
			};
			name = Debug;
		};
		9DB57ECA2E2B1CC000E96097 /* Release */ = {
			isa = XCBuildConfiguration;
			buildSettings = {
				ASSETCATALOG_COMPILER_APPICON_NAME = AppIcon;
				ASSETCATALOG_COMPILER_GLOBAL_ACCENT_COLOR_NAME = AccentColor;
				CODE_SIGN_STYLE = Automatic;
				CURRENT_PROJECT_VERSION = 1;
				DEVELOPMENT_TEAM = 42VHV36Q58;
				GENERATE_INFOPLIST_FILE = YES;
				INFOPLIST_FILE = Countries/Info.plist;
				INFOPLIST_KEY_UIApplicationSupportsIndirectInputEvents = YES;
				INFOPLIST_KEY_UILaunchStoryboardName = LaunchScreen;
				INFOPLIST_KEY_UISupportedInterfaceOrientations_iPad = "UIInterfaceOrientationPortrait UIInterfaceOrientationPortraitUpsideDown UIInterfaceOrientationLandscapeLeft UIInterfaceOrientationLandscapeRight";
				INFOPLIST_KEY_UISupportedInterfaceOrientations_iPhone = "UIInterfaceOrientationPortrait UIInterfaceOrientationLandscapeLeft UIInterfaceOrientationLandscapeRight";
				LD_RUNPATH_SEARCH_PATHS = (
					"$(inherited)",
					"@executable_path/Frameworks",
				);
				MARKETING_VERSION = 1.0;
				PRODUCT_BUNDLE_IDENTIFIER = com.christopherendress.Countries;
				PRODUCT_NAME = "$(TARGET_NAME)";
				SWIFT_EMIT_LOC_STRINGS = YES;
				SWIFT_VERSION = 5.0;
				TARGETED_DEVICE_FAMILY = "1,2";
			};
			name = Release;
		};
		9DB57ECB2E2B1CC000E96097 /* Debug */ = {
			isa = XCBuildConfiguration;
			buildSettings = {
				ALWAYS_SEARCH_USER_PATHS = NO;
				ASSETCATALOG_COMPILER_GENERATE_SWIFT_ASSET_SYMBOL_EXTENSIONS = YES;
				CLANG_ANALYZER_NONNULL = YES;
				CLANG_ANALYZER_NUMBER_OBJECT_CONVERSION = YES_AGGRESSIVE;
				CLANG_CXX_LANGUAGE_STANDARD = "gnu++20";
				CLANG_ENABLE_MODULES = YES;
				CLANG_ENABLE_OBJC_ARC = YES;
				CLANG_ENABLE_OBJC_WEAK = YES;
				CLANG_WARN_BLOCK_CAPTURE_AUTORELEASING = YES;
				CLANG_WARN_BOOL_CONVERSION = YES;
				CLANG_WARN_COMMA = YES;
				CLANG_WARN_CONSTANT_CONVERSION = YES;
				CLANG_WARN_DEPRECATED_OBJC_IMPLEMENTATIONS = YES;
				CLANG_WARN_DIRECT_OBJC_ISA_USAGE = YES_ERROR;
				CLANG_WARN_DOCUMENTATION_COMMENTS = YES;
				CLANG_WARN_EMPTY_BODY = YES;
				CLANG_WARN_ENUM_CONVERSION = YES;
				CLANG_WARN_INFINITE_RECURSION = YES;
				CLANG_WARN_INT_CONVERSION = YES;
				CLANG_WARN_NON_LITERAL_NULL_CONVERSION = YES;
				CLANG_WARN_OBJC_IMPLICIT_RETAIN_SELF = YES;
				CLANG_WARN_OBJC_LITERAL_CONVERSION = YES;
				CLANG_WARN_OBJC_ROOT_CLASS = YES_ERROR;
				CLANG_WARN_QUOTED_INCLUDE_IN_FRAMEWORK_HEADER = YES;
				CLANG_WARN_RANGE_LOOP_ANALYSIS = YES;
				CLANG_WARN_STRICT_PROTOTYPES = YES;
				CLANG_WARN_SUSPICIOUS_MOVE = YES;
				CLANG_WARN_UNGUARDED_AVAILABILITY = YES_AGGRESSIVE;
				CLANG_WARN_UNREACHABLE_CODE = YES;
				CLANG_WARN__DUPLICATE_METHOD_MATCH = YES;
				COPY_PHASE_STRIP = NO;
				DEBUG_INFORMATION_FORMAT = dwarf;
				DEVELOPMENT_TEAM = 42VHV36Q58;
				ENABLE_STRICT_OBJC_MSGSEND = YES;
				ENABLE_TESTABILITY = YES;
				ENABLE_USER_SCRIPT_SANDBOXING = YES;
				GCC_C_LANGUAGE_STANDARD = gnu17;
				GCC_DYNAMIC_NO_PIC = NO;
				GCC_NO_COMMON_BLOCKS = YES;
				GCC_OPTIMIZATION_LEVEL = 0;
				GCC_PREPROCESSOR_DEFINITIONS = (
					"DEBUG=1",
					"$(inherited)",
				);
				GCC_WARN_64_TO_32_BIT_CONVERSION = YES;
				GCC_WARN_ABOUT_RETURN_TYPE = YES_ERROR;
				GCC_WARN_UNDECLARED_SELECTOR = YES;
				GCC_WARN_UNINITIALIZED_AUTOS = YES_AGGRESSIVE;
				GCC_WARN_UNUSED_FUNCTION = YES;
				GCC_WARN_UNUSED_VARIABLE = YES;
				IPHONEOS_DEPLOYMENT_TARGET = 18.5;
				LOCALIZATION_PREFERS_STRING_CATALOGS = YES;
				MTL_ENABLE_DEBUG_INFO = INCLUDE_SOURCE;
				MTL_FAST_MATH = YES;
				ONLY_ACTIVE_ARCH = YES;
				SDKROOT = iphoneos;
				SWIFT_ACTIVE_COMPILATION_CONDITIONS = "DEBUG $(inherited)";
				SWIFT_OPTIMIZATION_LEVEL = "-Onone";
			};
			name = Debug;
		};
		9DB57ECC2E2B1CC000E96097 /* Release */ = {
			isa = XCBuildConfiguration;
			buildSettings = {
				ALWAYS_SEARCH_USER_PATHS = NO;
				ASSETCATALOG_COMPILER_GENERATE_SWIFT_ASSET_SYMBOL_EXTENSIONS = YES;
				CLANG_ANALYZER_NONNULL = YES;
				CLANG_ANALYZER_NUMBER_OBJECT_CONVERSION = YES_AGGRESSIVE;
				CLANG_CXX_LANGUAGE_STANDARD = "gnu++20";
				CLANG_ENABLE_MODULES = YES;
				CLANG_ENABLE_OBJC_ARC = YES;
				CLANG_ENABLE_OBJC_WEAK = YES;
				CLANG_WARN_BLOCK_CAPTURE_AUTORELEASING = YES;
				CLANG_WARN_BOOL_CONVERSION = YES;
				CLANG_WARN_COMMA = YES;
				CLANG_WARN_CONSTANT_CONVERSION = YES;
				CLANG_WARN_DEPRECATED_OBJC_IMPLEMENTATIONS = YES;
				CLANG_WARN_DIRECT_OBJC_ISA_USAGE = YES_ERROR;
				CLANG_WARN_DOCUMENTATION_COMMENTS = YES;
				CLANG_WARN_EMPTY_BODY = YES;
				CLANG_WARN_ENUM_CONVERSION = YES;
				CLANG_WARN_INFINITE_RECURSION = YES;
				CLANG_WARN_INT_CONVERSION = YES;
				CLANG_WARN_NON_LITERAL_NULL_CONVERSION = YES;
				CLANG_WARN_OBJC_IMPLICIT_RETAIN_SELF = YES;
				CLANG_WARN_OBJC_LITERAL_CONVERSION = YES;
				CLANG_WARN_OBJC_ROOT_CLASS = YES_ERROR;
				CLANG_WARN_QUOTED_INCLUDE_IN_FRAMEWORK_HEADER = YES;
				CLANG_WARN_RANGE_LOOP_ANALYSIS = YES;
				CLANG_WARN_STRICT_PROTOTYPES = YES;
				CLANG_WARN_SUSPICIOUS_MOVE = YES;
				CLANG_WARN_UNGUARDED_AVAILABILITY = YES_AGGRESSIVE;
				CLANG_WARN_UNREACHABLE_CODE = YES;
				CLANG_WARN__DUPLICATE_METHOD_MATCH = YES;
				COPY_PHASE_STRIP = NO;
				DEBUG_INFORMATION_FORMAT = "dwarf-with-dsym";
				DEVELOPMENT_TEAM = 42VHV36Q58;
				ENABLE_NS_ASSERTIONS = NO;
				ENABLE_STRICT_OBJC_MSGSEND = YES;
				ENABLE_USER_SCRIPT_SANDBOXING = YES;
				GCC_C_LANGUAGE_STANDARD = gnu17;
				GCC_NO_COMMON_BLOCKS = YES;
				GCC_WARN_64_TO_32_BIT_CONVERSION = YES;
				GCC_WARN_ABOUT_RETURN_TYPE = YES_ERROR;
				GCC_WARN_UNDECLARED_SELECTOR = YES;
				GCC_WARN_UNINITIALIZED_AUTOS = YES_AGGRESSIVE;
				GCC_WARN_UNUSED_FUNCTION = YES;
				GCC_WARN_UNUSED_VARIABLE = YES;
				IPHONEOS_DEPLOYMENT_TARGET = 18.5;
				LOCALIZATION_PREFERS_STRING_CATALOGS = YES;
				MTL_ENABLE_DEBUG_INFO = NO;
				MTL_FAST_MATH = YES;
				SDKROOT = iphoneos;
				SWIFT_COMPILATION_MODE = wholemodule;
				VALIDATE_PRODUCT = YES;
			};
			name = Release;
		};
		9DB57ECE2E2B1CC000E96097 /* Debug */ = {
			isa = XCBuildConfiguration;
			buildSettings = {
				BUNDLE_LOADER = "$(TEST_HOST)";
				CODE_SIGN_STYLE = Automatic;
				CURRENT_PROJECT_VERSION = 1;
				DEVELOPMENT_TEAM = 42VHV36Q58;
				GENERATE_INFOPLIST_FILE = YES;
				IPHONEOS_DEPLOYMENT_TARGET = 18.5;
				MARKETING_VERSION = 1.0;
				PRODUCT_BUNDLE_IDENTIFIER = com.christopherendress.CountriesTests;
				PRODUCT_NAME = "$(TARGET_NAME)";
				SWIFT_EMIT_LOC_STRINGS = NO;
				SWIFT_VERSION = 5.0;
				TARGETED_DEVICE_FAMILY = "1,2";
				TEST_HOST = "$(BUILT_PRODUCTS_DIR)/Countries.app/$(BUNDLE_EXECUTABLE_FOLDER_PATH)/Countries";
			};
			name = Debug;
		};
		9DB57ECF2E2B1CC000E96097 /* Release */ = {
			isa = XCBuildConfiguration;
			buildSettings = {
				BUNDLE_LOADER = "$(TEST_HOST)";
				CODE_SIGN_STYLE = Automatic;
				CURRENT_PROJECT_VERSION = 1;
				DEVELOPMENT_TEAM = 42VHV36Q58;
				GENERATE_INFOPLIST_FILE = YES;
				IPHONEOS_DEPLOYMENT_TARGET = 18.5;
				MARKETING_VERSION = 1.0;
				PRODUCT_BUNDLE_IDENTIFIER = com.christopherendress.CountriesTests;
				PRODUCT_NAME = "$(TARGET_NAME)";
				SWIFT_EMIT_LOC_STRINGS = NO;
				SWIFT_VERSION = 5.0;
				TARGETED_DEVICE_FAMILY = "1,2";
				TEST_HOST = "$(BUILT_PRODUCTS_DIR)/Countries.app/$(BUNDLE_EXECUTABLE_FOLDER_PATH)/Countries";
			};
			name = Release;
		};
		9DB57ED12E2B1CC000E96097 /* Debug */ = {
			isa = XCBuildConfiguration;
			buildSettings = {
				CODE_SIGN_STYLE = Automatic;
				CURRENT_PROJECT_VERSION = 1;
				DEVELOPMENT_TEAM = 42VHV36Q58;
				GENERATE_INFOPLIST_FILE = YES;
				MARKETING_VERSION = 1.0;
				PRODUCT_BUNDLE_IDENTIFIER = com.christopherendress.CountriesUITests;
				PRODUCT_NAME = "$(TARGET_NAME)";
				SWIFT_EMIT_LOC_STRINGS = NO;
				SWIFT_VERSION = 5.0;
				TARGETED_DEVICE_FAMILY = "1,2";
				TEST_TARGET_NAME = Countries;
			};
			name = Debug;
		};
		9DB57ED22E2B1CC000E96097 /* Release */ = {
			isa = XCBuildConfiguration;
			buildSettings = {
				CODE_SIGN_STYLE = Automatic;
				CURRENT_PROJECT_VERSION = 1;
				DEVELOPMENT_TEAM = 42VHV36Q58;
				GENERATE_INFOPLIST_FILE = YES;
				MARKETING_VERSION = 1.0;
				PRODUCT_BUNDLE_IDENTIFIER = com.christopherendress.CountriesUITests;
				PRODUCT_NAME = "$(TARGET_NAME)";
				SWIFT_EMIT_LOC_STRINGS = NO;
				SWIFT_VERSION = 5.0;
				TARGETED_DEVICE_FAMILY = "1,2";
				TEST_TARGET_NAME = Countries;
			};
			name = Release;
		};
/* End XCBuildConfiguration section */

/* Begin XCConfigurationList section */
		9DB57E9A2E2B1CBE00E96097 /* Build configuration list for PBXProject "Countries" */ = {
			isa = XCConfigurationList;
			buildConfigurations = (
				9DB57ECB2E2B1CC000E96097 /* Debug */,
				9DB57ECC2E2B1CC000E96097 /* Release */,
			);
			defaultConfigurationIsVisible = 0;
			defaultConfigurationName = Release;
		};
		9DB57EC82E2B1CC000E96097 /* Build configuration list for PBXNativeTarget "Countries" */ = {
			isa = XCConfigurationList;
			buildConfigurations = (
				9DB57EC92E2B1CC000E96097 /* Debug */,
				9DB57ECA2E2B1CC000E96097 /* Release */,
			);
			defaultConfigurationIsVisible = 0;
			defaultConfigurationName = Release;
		};
		9DB57ECD2E2B1CC000E96097 /* Build configuration list for PBXNativeTarget "CountriesTests" */ = {
			isa = XCConfigurationList;
			buildConfigurations = (
				9DB57ECE2E2B1CC000E96097 /* Debug */,
				9DB57ECF2E2B1CC000E96097 /* Release */,
			);
			defaultConfigurationIsVisible = 0;
			defaultConfigurationName = Release;
		};
		9DB57ED02E2B1CC000E96097 /* Build configuration list for PBXNativeTarget "CountriesUITests" */ = {
			isa = XCConfigurationList;
			buildConfigurations = (
				9DB57ED12E2B1CC000E96097 /* Debug */,
				9DB57ED22E2B1CC000E96097 /* Release */,
			);
			defaultConfigurationIsVisible = 0;
			defaultConfigurationName = Release;
		};
/* End XCConfigurationList section */
	};
	rootObject = 9DB57E972E2B1CBE00E96097 /* Project object */;
}
